{
  "version": 4,
  "terraform_version": "1.7.3",
  "serial": 75,
  "lineage": "c9b4cc16-d80c-dc1a-e72b-905d3c9e5dd0",
  "outputs": {},
  "resources": [
    {
      "mode": "managed",
      "type": "local_file",
      "name": "inventory",
      "provider": "provider[\"registry.terraform.io/hashicorp/local\"]",
      "instances": [
        {
          "schema_version": 0,
          "attributes": {
            "content": "# Ansible inventory containing variable values from Terraform.\n# Generated by Terraform.\n[master]\nmaster-1.ru-central1.internal ansible_host=84.252.129.165\n\n[nodes]\nnode-1.ru-central1.internal ansible_host=178.154.203.194\nnode-2.ru-central1.internal ansible_host=178.154.206.103\nnode-3.ru-central1.internal ansible_host=158.160.34.235\n",
            "content_base64": null,
            "content_base64sha256": "9UKvgtrsQh3tVwUXjNMu2NDuaSK+2JuAp67Ofsd9NE8=",
            "content_base64sha512": "Nbjkt4/x5Ob4Mg1e1nml1XWXU/wiZM/Xt0tu1o4ehd+Zmy8mwb6lQYxEl0gViLcPhB92ubDRjoZp6x7nObYjRA==",
            "content_md5": "2cd5f848b38fd56b9bcc14427d0e37c0",
            "content_sha1": "8352953a9afad487e4dc587e327e7b140c36e496",
            "content_sha256": "f542af82daec421ded5705178cd32ed8d0ee6922bed89b80a7aece7ec77d344f",
            "content_sha512": "35b8e4b78ff1e4e6f8320d5ed679a5d5759753fc2264cfd7b74b6ed68e1e85df999b2f26c1bea5418c4497481588b70f841f76b9b0d18e8669eb1ee739b62344",
            "directory_permission": "0777",
            "file_permission": "0777",
            "filename": "./ansible/inventory.ini",
            "id": "8352953a9afad487e4dc587e327e7b140c36e496",
            "sensitive_content": null,
            "source": null
          },
          "sensitive_attributes": [],
          "dependencies": [
            "yandex_compute_instance.master",
            "yandex_compute_instance.node",
            "yandex_resourcemanager_folder.folder1",
            "yandex_vpc_network.stage-net",
            "yandex_vpc_subnet.stage-subnet-a"
          ]
        }
      ]
    },
    {
      "mode": "managed",
      "type": "local_file",
      "name": "k8s",
      "provider": "provider[\"registry.terraform.io/hashicorp/local\"]",
      "instances": [
        {
          "schema_version": 0,
          "attributes": {
            "content": "\n# ## Configure 'ip' variable to bind kubernetes services on a\n# ## different ip than the default iface\n# ## We should set etcd_member_name for etcd cluster. The node that is not a etcd member do not need to set the value, or can set the empty$\n[all]\nmaster-1.ru-central1.internal ansible_host=10.0.10.19 ip=10.0.10.19\nnode-1.ru-central1.internal ansible_host=10.0.10.35 ip=10.0.10.35\nnode-2.ru-central1.internal ansible_host=10.0.10.5 ip=10.0.10.5\nnode-3.ru-central1.internal ansible_host=10.0.10.10 ip=10.0.10.10\n[kube_control_plane]\nmaster-1.ru-central1.internal\n[etcd]\nmaster-1.ru-central1.internal\n[kube_node]\nnode-1.ru-central1.internal\nnode-2.ru-central1.internal\nnode-3.ru-central1.internal\n[calico_rr]\n[k8s_cluster:children]\nkube_control_plane\nkube_node\ncalico_rr\n",
            "content_base64": null,
            "content_base64sha256": "NjY2gNFQZ41gCK54bDUbSFH6gcWmgkO5f1aWEDbivcg=",
            "content_base64sha512": "9dZDozo4un29lUgvemjBFEbitVIFxwAN+JXPdz1fmrJ8Jbvto2Jl+SzmNLmQcSKNInXtwxpoqaiIf2Sg1FeIkQ==",
            "content_md5": "eb8122af6d9b733111295d4e8afa4354",
            "content_sha1": "39da5ff55fcfb91a5785b4e40c7c86ae4b9253ef",
            "content_sha256": "36363680d150678d6008ae786c351b4851fa81c5a68243b97f56961036e2bdc8",
            "content_sha512": "f5d643a33a38ba7dbd95482f7a68c11446e2b55205c7000df895cf773d5f9ab27c25bbeda36265f92ce634b99071228d2275edc31a68a9a8887f64a0d4578891",
            "directory_permission": "0777",
            "file_permission": "0777",
            "filename": "./ansible/k8s.ini",
            "id": "39da5ff55fcfb91a5785b4e40c7c86ae4b9253ef",
            "sensitive_content": null,
            "source": null
          },
          "sensitive_attributes": [],
          "dependencies": [
            "yandex_compute_instance.master",
            "yandex_compute_instance.node",
            "yandex_resourcemanager_folder.folder1",
            "yandex_vpc_network.stage-net",
            "yandex_vpc_subnet.stage-subnet-a"
          ]
        }
      ]
    },
    {
      "mode": "managed",
      "type": "null_resource",
      "name": "cluster",
      "provider": "provider[\"registry.terraform.io/hashicorp/null\"]",
      "instances": [
        {
          "status": "tainted",
          "schema_version": 0,
          "attributes": {
            "id": "6937931178293367390",
            "triggers": null
          },
          "sensitive_attributes": [],
          "dependencies": [
            "local_file.inventory",
            "null_resource.wait",
            "yandex_compute_instance.master",
            "yandex_compute_instance.node",
            "yandex_resourcemanager_folder.folder1",
            "yandex_vpc_network.stage-net",
            "yandex_vpc_subnet.stage-subnet-a"
          ]
        }
      ]
    },
    {
      "mode": "managed",
      "type": "null_resource",
      "name": "wait",
      "provider": "provider[\"registry.terraform.io/hashicorp/null\"]",
      "instances": [
        {
          "schema_version": 0,
          "attributes": {
            "id": "3022166945570423000",
            "triggers": null
          },
          "sensitive_attributes": [],
          "dependencies": [
            "local_file.inventory",
            "yandex_compute_instance.master",
            "yandex_compute_instance.node",
            "yandex_resourcemanager_folder.folder1",
            "yandex_vpc_network.stage-net",
            "yandex_vpc_subnet.stage-subnet-a"
          ]
        }
      ]
    },
    {
      "mode": "managed",
      "type": "yandex_compute_instance",
      "name": "master",
      "provider": "provider[\"registry.terraform.io/yandex-cloud/yandex\"]",
      "instances": [
        {
          "index_key": 0,
          "schema_version": 1,
          "attributes": {
            "allow_stopping_for_update": null,
            "boot_disk": [
              {
                "auto_delete": true,
                "device_name": "fhmg3gvov6uarpf1p6h5",
                "disk_id": "fhmg3gvov6uarpf1p6h5",
                "initialize_params": [
                  {
                    "description": "",
                    "image_id": "fd8jvcoeij6u9se84dt5",
                    "name": "",
                    "size": 20,
                    "snapshot_id": "",
                    "type": "network-hdd"
                  }
                ],
                "mode": "READ_WRITE"
              }
            ],
            "created_at": "2024-02-12T11:44:20Z",
            "description": "",
            "folder_id": "b1glnjshq2j47cdap200",
            "fqdn": "master-1.ru-central1.internal",
            "hostname": "master-1",
            "id": "fhmtqqcr8jn26632kkuv",
            "labels": null,
            "metadata": {
              "user-data": "#cloud-config\nusers:\n  - name: ubuntu\n    groups: sudo\n    shell: /bin/bash\n    sudo: ['ALL=(ALL) NOPASSWD:ALL']\n    ssh_authorized_keys:\n      - ssh-rsa AAAAB3NzaC1yc2EAAAADAQABAAABgQC45p4fvT8r37MiwjYhLVnxJEzIVUi+Nu8QrOBEFi76l9aHmqKdiZG/c9Y2dX0OFXq+cUrdapns29XtT8E2BUwZcoEz7ILgVLU6WDsBdukKx2oRed9iOvHw7LK+XjoUizEp5/XNoErD9AatQD5Rm60Mj3GOFFI1O7rYjeT7p1rZ3w3HuMBZap9hyykfdVX3W7Z+WBs/p+ShG/7+apkGJbMZ8t3VX1Xg5yUBfPG39vc1OOqDmypnALH8SA9fPYH2tUJceT35pRJNO8sOMXET1ujDIfhWHcNARdKU+oobTuhFEL1J4yNfxpeGNjgc9r+egJbBxYkbZvs0Oeva3UJ3EBInfKLR9rGr6MuaoAAHZBRKEM5cRedBKLK66qHq9WouVnSn1nfvGG0uoYHlvXBqQ1DbIvNi+bz0Lk2rWYWBCv0ICYLO12d+XhOKvKx6gwBRElSnNHun2gAWAk/GHLrScvW23POuZr2dbYt/fy+KQnMTz5vpfvmV4QCpfoAbiPJhzGs= ubuntu@DevOps\n"
            },
            "name": "master-1",
            "network_acceleration_type": "standard",
            "network_interface": [
              {
                "dns_record": [],
                "index": 0,
                "ip_address": "10.0.10.19",
                "ipv4": true,
                "ipv6": false,
                "ipv6_address": "",
                "ipv6_dns_record": [],
                "mac_address": "d0:0d:1d:d6:99:b4",
                "nat": true,
                "nat_dns_record": [],
                "nat_ip_address": "84.252.129.165",
                "nat_ip_version": "IPV4",
                "security_group_ids": [],
                "subnet_id": "e9b47povog1hasa6lg47"
              }
            ],
            "placement_policy": [
              {
                "placement_group_id": ""
              }
            ],
            "platform_id": "standard-v1",
            "resources": [
              {
                "core_fraction": 100,
                "cores": 2,
                "gpus": 0,
                "memory": 4
              }
            ],
            "scheduling_policy": [
              {
                "preemptible": false
              }
            ],
            "secondary_disk": [],
            "service_account_id": "",
            "status": "running",
            "timeouts": null,
            "zone": "ru-central1-a"
          },
          "sensitive_attributes": [],
          "private": "eyJlMmJmYjczMC1lY2FhLTExZTYtOGY4OC0zNDM2M2JjN2M0YzAiOnsiY3JlYXRlIjozMDAwMDAwMDAwMDAsImRlbGV0ZSI6MzAwMDAwMDAwMDAwLCJ1cGRhdGUiOjMwMDAwMDAwMDAwMH0sInNjaGVtYV92ZXJzaW9uIjoiMSJ9",
          "dependencies": [
            "yandex_resourcemanager_folder.folder1",
            "yandex_vpc_network.stage-net",
            "yandex_vpc_subnet.stage-subnet-a"
          ]
        }
      ]
    },
    {
      "mode": "managed",
      "type": "yandex_compute_instance",
      "name": "node",
      "provider": "provider[\"registry.terraform.io/yandex-cloud/yandex\"]",
      "instances": [
        {
          "index_key": 0,
          "schema_version": 1,
          "attributes": {
            "allow_stopping_for_update": null,
            "boot_disk": [
              {
                "auto_delete": true,
                "device_name": "fhmjvm91pp02q00et5bi",
                "disk_id": "fhmjvm91pp02q00et5bi",
                "initialize_params": [
                  {
                    "description": "",
                    "image_id": "fd8jvcoeij6u9se84dt5",
                    "name": "",
                    "size": 10,
                    "snapshot_id": "",
                    "type": "network-hdd"
                  }
                ],
                "mode": "READ_WRITE"
              }
            ],
            "created_at": "2024-02-12T11:44:28Z",
            "description": "",
            "folder_id": "b1glnjshq2j47cdap200",
            "fqdn": "node-1.ru-central1.internal",
            "hostname": "node-1",
            "id": "fhm1m89etlu4141c7mra",
            "labels": null,
            "metadata": {
              "user-data": "#cloud-config\nusers:\n  - name: ubuntu\n    groups: sudo\n    shell: /bin/bash\n    sudo: ['ALL=(ALL) NOPASSWD:ALL']\n    ssh_authorized_keys:\n      - ssh-rsa AAAAB3NzaC1yc2EAAAADAQABAAABgQC45p4fvT8r37MiwjYhLVnxJEzIVUi+Nu8QrOBEFi76l9aHmqKdiZG/c9Y2dX0OFXq+cUrdapns29XtT8E2BUwZcoEz7ILgVLU6WDsBdukKx2oRed9iOvHw7LK+XjoUizEp5/XNoErD9AatQD5Rm60Mj3GOFFI1O7rYjeT7p1rZ3w3HuMBZap9hyykfdVX3W7Z+WBs/p+ShG/7+apkGJbMZ8t3VX1Xg5yUBfPG39vc1OOqDmypnALH8SA9fPYH2tUJceT35pRJNO8sOMXET1ujDIfhWHcNARdKU+oobTuhFEL1J4yNfxpeGNjgc9r+egJbBxYkbZvs0Oeva3UJ3EBInfKLR9rGr6MuaoAAHZBRKEM5cRedBKLK66qHq9WouVnSn1nfvGG0uoYHlvXBqQ1DbIvNi+bz0Lk2rWYWBCv0ICYLO12d+XhOKvKx6gwBRElSnNHun2gAWAk/GHLrScvW23POuZr2dbYt/fy+KQnMTz5vpfvmV4QCpfoAbiPJhzGs= ubuntu@DevOps\n"
            },
            "name": "node-1",
            "network_acceleration_type": "standard",
            "network_interface": [
              {
                "dns_record": [],
                "index": 0,
                "ip_address": "10.0.10.35",
                "ipv4": true,
                "ipv6": false,
                "ipv6_address": "",
                "ipv6_dns_record": [],
                "mac_address": "d0:0d:1b:21:2e:ed",
                "nat": true,
                "nat_dns_record": [],
                "nat_ip_address": "178.154.203.194",
                "nat_ip_version": "IPV4",
                "security_group_ids": [],
                "subnet_id": "e9b47povog1hasa6lg47"
              }
            ],
            "placement_policy": [
              {
                "placement_group_id": ""
              }
            ],
            "platform_id": "standard-v1",
            "resources": [
              {
                "core_fraction": 100,
                "cores": 2,
                "gpus": 0,
                "memory": 2
              }
            ],
            "scheduling_policy": [
              {
                "preemptible": false
              }
            ],
            "secondary_disk": [],
            "service_account_id": "",
            "status": "running",
            "timeouts": null,
            "zone": "ru-central1-a"
          },
          "sensitive_attributes": [],
          "private": "eyJlMmJmYjczMC1lY2FhLTExZTYtOGY4OC0zNDM2M2JjN2M0YzAiOnsiY3JlYXRlIjozMDAwMDAwMDAwMDAsImRlbGV0ZSI6MzAwMDAwMDAwMDAwLCJ1cGRhdGUiOjMwMDAwMDAwMDAwMH0sInNjaGVtYV92ZXJzaW9uIjoiMSJ9",
          "dependencies": [
            "yandex_resourcemanager_folder.folder1",
            "yandex_vpc_network.stage-net",
            "yandex_vpc_subnet.stage-subnet-a"
          ]
        },
        {
          "index_key": 1,
          "schema_version": 1,
          "attributes": {
            "allow_stopping_for_update": null,
            "boot_disk": [
              {
                "auto_delete": true,
                "device_name": "fhmt44e7org0n44u94vj",
                "disk_id": "fhmt44e7org0n44u94vj",
                "initialize_params": [
                  {
                    "description": "",
                    "image_id": "fd8jvcoeij6u9se84dt5",
                    "name": "",
                    "size": 10,
                    "snapshot_id": "",
                    "type": "network-hdd"
                  }
                ],
                "mode": "READ_WRITE"
              }
            ],
            "created_at": "2024-02-12T11:44:27Z",
            "description": "",
            "folder_id": "b1glnjshq2j47cdap200",
            "fqdn": "node-2.ru-central1.internal",
            "hostname": "node-2",
            "id": "fhmam3plv1s8efolma2c",
            "labels": null,
            "metadata": {
              "user-data": "#cloud-config\nusers:\n  - name: ubuntu\n    groups: sudo\n    shell: /bin/bash\n    sudo: ['ALL=(ALL) NOPASSWD:ALL']\n    ssh_authorized_keys:\n      - ssh-rsa AAAAB3NzaC1yc2EAAAADAQABAAABgQC45p4fvT8r37MiwjYhLVnxJEzIVUi+Nu8QrOBEFi76l9aHmqKdiZG/c9Y2dX0OFXq+cUrdapns29XtT8E2BUwZcoEz7ILgVLU6WDsBdukKx2oRed9iOvHw7LK+XjoUizEp5/XNoErD9AatQD5Rm60Mj3GOFFI1O7rYjeT7p1rZ3w3HuMBZap9hyykfdVX3W7Z+WBs/p+ShG/7+apkGJbMZ8t3VX1Xg5yUBfPG39vc1OOqDmypnALH8SA9fPYH2tUJceT35pRJNO8sOMXET1ujDIfhWHcNARdKU+oobTuhFEL1J4yNfxpeGNjgc9r+egJbBxYkbZvs0Oeva3UJ3EBInfKLR9rGr6MuaoAAHZBRKEM5cRedBKLK66qHq9WouVnSn1nfvGG0uoYHlvXBqQ1DbIvNi+bz0Lk2rWYWBCv0ICYLO12d+XhOKvKx6gwBRElSnNHun2gAWAk/GHLrScvW23POuZr2dbYt/fy+KQnMTz5vpfvmV4QCpfoAbiPJhzGs= ubuntu@DevOps\n"
            },
            "name": "node-2",
            "network_acceleration_type": "standard",
            "network_interface": [
              {
                "dns_record": [],
                "index": 0,
                "ip_address": "10.0.10.5",
                "ipv4": true,
                "ipv6": false,
                "ipv6_address": "",
                "ipv6_dns_record": [],
                "mac_address": "d0:0d:ab:0f:35:f8",
                "nat": true,
                "nat_dns_record": [],
                "nat_ip_address": "178.154.206.103",
                "nat_ip_version": "IPV4",
                "security_group_ids": [],
                "subnet_id": "e9b47povog1hasa6lg47"
              }
            ],
            "placement_policy": [
              {
                "placement_group_id": ""
              }
            ],
            "platform_id": "standard-v1",
            "resources": [
              {
                "core_fraction": 100,
                "cores": 2,
                "gpus": 0,
                "memory": 2
              }
            ],
            "scheduling_policy": [
              {
                "preemptible": false
              }
            ],
            "secondary_disk": [],
            "service_account_id": "",
            "status": "running",
            "timeouts": null,
            "zone": "ru-central1-a"
          },
          "sensitive_attributes": [],
          "private": "eyJlMmJmYjczMC1lY2FhLTExZTYtOGY4OC0zNDM2M2JjN2M0YzAiOnsiY3JlYXRlIjozMDAwMDAwMDAwMDAsImRlbGV0ZSI6MzAwMDAwMDAwMDAwLCJ1cGRhdGUiOjMwMDAwMDAwMDAwMH0sInNjaGVtYV92ZXJzaW9uIjoiMSJ9",
          "dependencies": [
            "yandex_resourcemanager_folder.folder1",
            "yandex_vpc_network.stage-net",
            "yandex_vpc_subnet.stage-subnet-a"
          ]
        },
        {
          "index_key": 2,
          "schema_version": 1,
          "attributes": {
            "allow_stopping_for_update": null,
            "boot_disk": [
              {
                "auto_delete": true,
                "device_name": "fhmc56r7ciavfujobp16",
                "disk_id": "fhmc56r7ciavfujobp16",
                "initialize_params": [
                  {
                    "description": "",
                    "image_id": "fd8jvcoeij6u9se84dt5",
                    "name": "",
                    "size": 10,
                    "snapshot_id": "",
                    "type": "network-hdd"
                  }
                ],
                "mode": "READ_WRITE"
              }
            ],
            "created_at": "2024-02-12T11:44:26Z",
            "description": "",
            "folder_id": "b1glnjshq2j47cdap200",
            "fqdn": "node-3.ru-central1.internal",
            "hostname": "node-3",
            "id": "fhm8dq1sihbvssffqos0",
            "labels": null,
            "metadata": {
              "user-data": "#cloud-config\nusers:\n  - name: ubuntu\n    groups: sudo\n    shell: /bin/bash\n    sudo: ['ALL=(ALL) NOPASSWD:ALL']\n    ssh_authorized_keys:\n      - ssh-rsa AAAAB3NzaC1yc2EAAAADAQABAAABgQC45p4fvT8r37MiwjYhLVnxJEzIVUi+Nu8QrOBEFi76l9aHmqKdiZG/c9Y2dX0OFXq+cUrdapns29XtT8E2BUwZcoEz7ILgVLU6WDsBdukKx2oRed9iOvHw7LK+XjoUizEp5/XNoErD9AatQD5Rm60Mj3GOFFI1O7rYjeT7p1rZ3w3HuMBZap9hyykfdVX3W7Z+WBs/p+ShG/7+apkGJbMZ8t3VX1Xg5yUBfPG39vc1OOqDmypnALH8SA9fPYH2tUJceT35pRJNO8sOMXET1ujDIfhWHcNARdKU+oobTuhFEL1J4yNfxpeGNjgc9r+egJbBxYkbZvs0Oeva3UJ3EBInfKLR9rGr6MuaoAAHZBRKEM5cRedBKLK66qHq9WouVnSn1nfvGG0uoYHlvXBqQ1DbIvNi+bz0Lk2rWYWBCv0ICYLO12d+XhOKvKx6gwBRElSnNHun2gAWAk/GHLrScvW23POuZr2dbYt/fy+KQnMTz5vpfvmV4QCpfoAbiPJhzGs= ubuntu@DevOps\n"
            },
            "name": "node-3",
            "network_acceleration_type": "standard",
            "network_interface": [
              {
                "dns_record": [],
                "index": 0,
                "ip_address": "10.0.10.10",
                "ipv4": true,
                "ipv6": false,
                "ipv6_address": "",
                "ipv6_dns_record": [],
                "mac_address": "d0:0d:86:e8:3c:94",
                "nat": true,
                "nat_dns_record": [],
                "nat_ip_address": "158.160.34.235",
                "nat_ip_version": "IPV4",
                "security_group_ids": [],
                "subnet_id": "e9b47povog1hasa6lg47"
              }
            ],
            "placement_policy": [
              {
                "placement_group_id": ""
              }
            ],
            "platform_id": "standard-v1",
            "resources": [
              {
                "core_fraction": 100,
                "cores": 2,
                "gpus": 0,
                "memory": 2
              }
            ],
            "scheduling_policy": [
              {
                "preemptible": false
              }
            ],
            "secondary_disk": [],
            "service_account_id": "",
            "status": "running",
            "timeouts": null,
            "zone": "ru-central1-a"
          },
          "sensitive_attributes": [],
          "private": "eyJlMmJmYjczMC1lY2FhLTExZTYtOGY4OC0zNDM2M2JjN2M0YzAiOnsiY3JlYXRlIjozMDAwMDAwMDAwMDAsImRlbGV0ZSI6MzAwMDAwMDAwMDAwLCJ1cGRhdGUiOjMwMDAwMDAwMDAwMH0sInNjaGVtYV92ZXJzaW9uIjoiMSJ9",
          "dependencies": [
            "yandex_resourcemanager_folder.folder1",
            "yandex_vpc_network.stage-net",
            "yandex_vpc_subnet.stage-subnet-a"
          ]
        }
      ]
    },
    {
      "mode": "managed",
      "type": "yandex_iam_service_account",
      "name": "sa",
      "provider": "provider[\"registry.terraform.io/yandex-cloud/yandex\"]",
      "instances": [
        {
          "schema_version": 0,
          "attributes": {
            "created_at": "2024-02-12T10:43:31Z",
            "description": "",
            "folder_id": "b1glnjshq2j47cdap200",
            "id": "ajejndfe5pgvv2kh7eag",
            "name": "s-test-account",
            "timeouts": null
          },
          "sensitive_attributes": [],
          "private": "eyJlMmJmYjczMC1lY2FhLTExZTYtOGY4OC0zNDM2M2JjN2M0YzAiOnsiY3JlYXRlIjo2MDAwMDAwMDAwMCwiZGVsZXRlIjo2MDAwMDAwMDAwMCwidXBkYXRlIjo2MDAwMDAwMDAwMH19",
          "dependencies": [
            "yandex_resourcemanager_folder.folder1"
          ]
        }
      ]
    },
    {
      "mode": "managed",
      "type": "yandex_resourcemanager_folder",
      "name": "folder1",
      "provider": "provider[\"registry.terraform.io/yandex-cloud/yandex\"]",
      "instances": [
        {
          "schema_version": 0,
          "attributes": {
            "cloud_id": "b1gd6skf5b8nefglqn67",
            "created_at": "2024-02-12T10:43:26Z",
            "description": "Diploma workshop",
            "id": "b1glnjshq2j47cdap200",
            "labels": {},
            "name": "diplom-stage-0",
            "timeouts": null
          },
          "sensitive_attributes": [
            [
              {
                "type": "get_attr",
                "value": "cloud_id"
              }
            ]
          ],
          "private": "eyJlMmJmYjczMC1lY2FhLTExZTYtOGY4OC0zNDM2M2JjN2M0YzAiOnsiY3JlYXRlIjo2MDAwMDAwMDAwMCwiZGVsZXRlIjoxODAwMDAwMDAwMDAwLCJyZWFkIjo2MDAwMDAwMDAwMCwidXBkYXRlIjo2MDAwMDAwMDAwMH19"
        }
      ]
    },
    {
      "mode": "managed",
      "type": "yandex_resourcemanager_folder_iam_member",
      "name": "editor",
      "provider": "provider[\"registry.terraform.io/yandex-cloud/yandex\"]",
      "instances": [
        {
          "schema_version": 0,
          "attributes": {
            "folder_id": "b1glnjshq2j47cdap200",
            "id": "b1glnjshq2j47cdap200/editor/serviceAccount:ajejndfe5pgvv2kh7eag",
            "member": "serviceAccount:ajejndfe5pgvv2kh7eag",
            "role": "editor",
            "sleep_after": null
          },
          "sensitive_attributes": [],
          "private": "bnVsbA==",
          "dependencies": [
            "yandex_iam_service_account.sa",
            "yandex_resourcemanager_folder.folder1"
          ]
        }
      ]
    },
    {
      "mode": "managed",
      "type": "yandex_vpc_network",
      "name": "stage-net",
      "provider": "provider[\"registry.terraform.io/yandex-cloud/yandex\"]",
      "instances": [
        {
          "schema_version": 0,
          "attributes": {
            "created_at": "2024-02-12T10:43:36Z",
            "default_security_group_id": "enpd2im5s2e2ls7e1tdg",
            "description": "",
            "folder_id": "b1glnjshq2j47cdap200",
            "id": "enpeifm8tj43drc8i1vb",
            "labels": {},
            "name": "stage-network",
            "subnet_ids": [
              "e9b47povog1hasa6lg47"
            ],
            "timeouts": null
          },
          "sensitive_attributes": [],
          "private": "eyJlMmJmYjczMC1lY2FhLTExZTYtOGY4OC0zNDM2M2JjN2M0YzAiOnsiY3JlYXRlIjo2MDAwMDAwMDAwMCwiZGVsZXRlIjo2MDAwMDAwMDAwMCwidXBkYXRlIjo2MDAwMDAwMDAwMH19",
          "dependencies": [
            "yandex_resourcemanager_folder.folder1"
          ]
        }
      ]
    },
    {
      "mode": "managed",
      "type": "yandex_vpc_subnet",
      "name": "stage-subnet-a",
      "provider": "provider[\"registry.terraform.io/yandex-cloud/yandex\"]",
      "instances": [
        {
          "schema_version": 0,
          "attributes": {
            "created_at": "2024-02-12T10:43:38Z",
            "description": "",
            "dhcp_options": [],
            "folder_id": "b1glnjshq2j47cdap200",
            "id": "e9b47povog1hasa6lg47",
            "labels": {},
            "name": "stage-a",
            "network_id": "enpeifm8tj43drc8i1vb",
            "route_table_id": "",
            "timeouts": null,
            "v4_cidr_blocks": [
              "10.0.10.0/24"
            ],
            "v6_cidr_blocks": [],
            "zone": "ru-central1-a"
          },
          "sensitive_attributes": [],
          "private": "eyJlMmJmYjczMC1lY2FhLTExZTYtOGY4OC0zNDM2M2JjN2M0YzAiOnsiY3JlYXRlIjoxODAwMDAwMDAwMDAsImRlbGV0ZSI6MTgwMDAwMDAwMDAwLCJ1cGRhdGUiOjE4MDAwMDAwMDAwMH19",
          "dependencies": [
            "yandex_resourcemanager_folder.folder1",
            "yandex_vpc_network.stage-net"
          ]
        }
      ]
    }
  ],
  "check_results": null
}
